
Microsoft Visual Studio Solution File, Format Version 12.00
# Visual Studio Version 17
VisualStudioVersion = 17.14.36203.30 d17.14
MinimumVisualStudioVersion = 10.0.40219.1
Project("{FAE04EC0-301F-11D3-BF4B-00C04F79EFBC}") = "SistemaControleDeEstoque", "SistemaControleDeEstoque\SistemaControleDeEstoque.csproj", "{8F7B7AEA-091C-4EF0-8C07-023413BC19CF}"
EndProject
Global
	GlobalSection(SolutionConfigurationPlatforms) = preSolution
		Debug|Any CPU = Debug|Any CPU
		Release|Any CPU = Release|Any CPU
	EndGlobalSection
	GlobalSection(ProjectConfigurationPlatforms) = postSolution
		{8F7B7AEA-091C-4EF0-8C07-023413BC19CF}.Debug|Any CPU.ActiveCfg = Debug|Any CPU
		{8F7B7AEA-091C-4EF0-8C07-023413BC19CF}.Debug|Any CPU.Build.0 = Debug|Any CPU
		{8F7B7AEA-091C-4EF0-8C07-023413BC19CF}.Release|Any CPU.ActiveCfg = Release|Any CPU
		{8F7B7AEA-091C-4EF0-8C07-023413BC19CF}.Release|Any CPU.Build.0 = Release|Any CPU
	EndGlobalSection
	GlobalSection(SolutionProperties) = preSolution
		HideSolutionNode = FALSE
	EndGlobalSection
	GlobalSection(ExtensibilityGlobals) = postSolution
		SolutionGuid = {8A3691BD-BE10-473B-BDAF-21801AEDE60C}
	EndGlobalSection
EndGlobal
